<Solution>
  <Folder Name="/src/">
    <Project Path="src/RoomBooking.Api/RoomBooking.Api.csproj" />
    <Project Path="src/RoomBooking.Data/RoomBooking.Data.csproj" />
    <Project Path="src/RoomBooking.Services/RoomBooking.Services.csproj" />
  </Folder>
  <Folder Name="/tests/">
    <Project Path="tests/RoomBooking.Tests/RoomBooking.Tests.csproj" />
  </Folder>
</Solution>
